// !$*UTF8*$!
{
	archiveVersion = 1;
	classes = {
	};
	objectVersion = 46;
	objects = {

/* Begin PBXBuildFile section */
		4F35155F18191CBF0051A8D6 /* blue_button.png in Resources */ = {isa = PBXBuildFile; fileRef = 4F35155718191CBF0051A8D6 /* blue_button.png */; };
		4F35156018191CBF0051A8D6 /* blue_button@2x.png in Resources */ = {isa = PBXBuildFile; fileRef = 4F35155818191CBF0051A8D6 /* blue_button@2x.png */; };
		4F35156118191CBF0051A8D6 /* blue_button_pressed.png in Resources */ = {isa = PBXBuildFile; fileRef = 4F35155918191CBF0051A8D6 /* blue_button_pressed.png */; };
		4F35156218191CBF0051A8D6 /* blue_button_pressed@2x.png in Resources */ = {isa = PBXBuildFile; fileRef = 4F35155A18191CBF0051A8D6 /* blue_button_pressed@2x.png */; };
		4F35156318191CBF0051A8D6 /* dark_button.png in Resources */ = {isa = PBXBuildFile; fileRef = 4F35155B18191CBF0051A8D6 /* dark_button.png */; };
		4F35156418191CBF0051A8D6 /* dark_button@2x.png in Resources */ = {isa = PBXBuildFile; fileRef = 4F35155C18191CBF0051A8D6 /* dark_button@2x.png */; };
		4F35156518191CBF0051A8D6 /* dark_button_pressed.png in Resources */ = {isa = PBXBuildFile; fileRef = 4F35155D18191CBF0051A8D6 /* dark_button_pressed.png */; };
		4F35156618191CBF0051A8D6 /* dark_button_pressed@2x.png in Resources */ = {isa = PBXBuildFile; fileRef = 4F35155E18191CBF0051A8D6 /* dark_button_pressed@2x.png */; };
		4F35157418191DD50051A8D6 /* libAviarySDK.a in Frameworks */ = {isa = PBXBuildFile; fileRef = 4F35157118191DD50051A8D6 /* libAviarySDK.a */; };
		4F35157518191DD50051A8D6 /* AviarySDKResources.bundle in Resources */ = {isa = PBXBuildFile; fileRef = 4F35157318191DD50051A8D6 /* AviarySDKResources.bundle */; };
		4F3515771819200F0051A8D6 /* Accelerate.framework in Frameworks */ = {isa = PBXBuildFile; fileRef = 4F3515761819200F0051A8D6 /* Accelerate.framework */; };
		4F35157D181920480051A8D6 /* CoreText.framework in Frameworks */ = {isa = PBXBuildFile; fileRef = 4F35157C181920480051A8D6 /* CoreText.framework */; };
		4F35157F1819207E0051A8D6 /* libsqlite3.0.dylib in Frameworks */ = {isa = PBXBuildFile; fileRef = 4F35157E1819207E0051A8D6 /* libsqlite3.0.dylib */; };
		4F3515811819208C0051A8D6 /* libz.1.2.5.dylib in Frameworks */ = {isa = PBXBuildFile; fileRef = 4F3515801819208C0051A8D6 /* libz.1.2.5.dylib */; };
		4F3515831819209A0051A8D6 /* MessageUI.framework in Frameworks */ = {isa = PBXBuildFile; fileRef = 4F3515821819209A0051A8D6 /* MessageUI.framework */; };
		4F351585181920A20051A8D6 /* OpenGLES.framework in Frameworks */ = {isa = PBXBuildFile; fileRef = 4F351584181920A20051A8D6 /* OpenGLES.framework */; };
		4F351587181920A90051A8D6 /* QuartzCore.framework in Frameworks */ = {isa = PBXBuildFile; fileRef = 4F351586181920A90051A8D6 /* QuartzCore.framework */; };
		4F351589181920B30051A8D6 /* StoreKit.framework in Frameworks */ = {isa = PBXBuildFile; fileRef = 4F351588181920B30051A8D6 /* StoreKit.framework */; };
		4F35158B181920BA0051A8D6 /* SystemConfiguration.framework in Frameworks */ = {isa = PBXBuildFile; fileRef = 4F35158A181920BA0051A8D6 /* SystemConfiguration.framework */; };
		4F5293951818B97300B3FD75 /* Images.xcassets in Resources */ = {isa = PBXBuildFile; fileRef = 4F5293941818B97300B3FD75 /* Images.xcassets */; };
		4F5293991818C11700B3FD75 /* MainViewController.m in Sources */ = {isa = PBXBuildFile; fileRef = 4F5293971818C11700B3FD75 /* MainViewController.m */; };
		4F52939A1818C11700B3FD75 /* MainViewController.xib in Resources */ = {isa = PBXBuildFile; fileRef = 4F5293981818C11700B3FD75 /* MainViewController.xib */; };
		4FB17D53181A1C780041FB2B /* border.png in Resources */ = {isa = PBXBuildFile; fileRef = 4FB17D52181A1C780041FB2B /* border.png */; };
		4FB1F415182200AE004DE2F5 /* FOWTableViewController.m in Sources */ = {isa = PBXBuildFile; fileRef = 4FB1F414182200AE004DE2F5 /* FOWTableViewController.m */; };
		4FB1F418182202A3004DE2F5 /* FOWViewCell.m in Sources */ = {isa = PBXBuildFile; fileRef = 4FB1F417182202A3004DE2F5 /* FOWViewCell.m */; };
		4FB1F42318220710004DE2F5 /* FOWPostPhotoViewController.m in Sources */ = {isa = PBXBuildFile; fileRef = 4FB1F42118220710004DE2F5 /* FOWPostPhotoViewController.m */; };
		4FB1F429182211C6004DE2F5 /* FOWNavigationController.m in Sources */ = {isa = PBXBuildFile; fileRef = 4FB1F428182211C6004DE2F5 /* FOWNavigationController.m */; };
		4FB4AB5D18235D73000BBD62 /* CoreData.framework in Frameworks */ = {isa = PBXBuildFile; fileRef = 4FB4AB5C18235D73000BBD62 /* CoreData.framework */; };
		4FB5C73E182750F200346F21 /* FOWUtil+View.m in Sources */ = {isa = PBXBuildFile; fileRef = 4FB5C73B182750F200346F21 /* FOWUtil+View.m */; };
		4FB5C73F182750F200346F21 /* FOWUtils.m in Sources */ = {isa = PBXBuildFile; fileRef = 4FB5C73D182750F200346F21 /* FOWUtils.m */; };
		4FB5C74618278B5000346F21 /* FOWManagerImageProcess.m in Sources */ = {isa = PBXBuildFile; fileRef = 4FB5C74518278B5000346F21 /* FOWManagerImageProcess.m */; };
		4FB5C7481827A0D400346F21 /* icon_profile.png in Resources */ = {isa = PBXBuildFile; fileRef = 4FB5C7471827A0D400346F21 /* icon_profile.png */; };
		4FB5C74B1827A10700346F21 /* FOWPostScreenMainViewCell.m in Sources */ = {isa = PBXBuildFile; fileRef = 4FB5C74A1827A10700346F21 /* FOWPostScreenMainViewCell.m */; };
		4FB5C74D1827A13B00346F21 /* FOWPostScreenMainViewCell.xib in Resources */ = {isa = PBXBuildFile; fileRef = 4FB5C74C1827A13B00346F21 /* FOWPostScreenMainViewCell.xib */; };
		4FB5C7501827A1CA00346F21 /* FOWPostScreenTitleViewCell.m in Sources */ = {isa = PBXBuildFile; fileRef = 4FB5C74F1827A1CA00346F21 /* FOWPostScreenTitleViewCell.m */; };
		4FB5C7521827A1E600346F21 /* FOWPostScreenTitleViewCell.xib in Resources */ = {isa = PBXBuildFile; fileRef = 4FB5C7511827A1E600346F21 /* FOWPostScreenTitleViewCell.xib */; };
		4FB5C7551827A59900346F21 /* FOWCustomTextView.m in Sources */ = {isa = PBXBuildFile; fileRef = 4FB5C7541827A59900346F21 /* FOWCustomTextView.m */; };
		4FCA61561819325700598CD7 /* AssetsLibrary.framework in Frameworks */ = {isa = PBXBuildFile; fileRef = 4FCA61551819325700598CD7 /* AssetsLibrary.framework */; };
		4FD5A2F318166A3E00987978 /* UIKit.framework in Frameworks */ = {isa = PBXBuildFile; fileRef = 4FD5A2F218166A3E00987978 /* UIKit.framework */; };
		4FD5A2F518166A3E00987978 /* Foundation.framework in Frameworks */ = {isa = PBXBuildFile; fileRef = 4FD5A2F418166A3E00987978 /* Foundation.framework */; };
		4FD5A2F718166A3E00987978 /* CoreGraphics.framework in Frameworks */ = {isa = PBXBuildFile; fileRef = 4FD5A2F618166A3E00987978 /* CoreGraphics.framework */; };
		4FD5A2FD18166A3F00987978 /* InfoPlist.strings in Resources */ = {isa = PBXBuildFile; fileRef = 4FD5A2FB18166A3F00987978 /* InfoPlist.strings */; };
		4FD5A2FF18166A3F00987978 /* main.m in Sources */ = {isa = PBXBuildFile; fileRef = 4FD5A2FE18166A3F00987978 /* main.m */; };
		4FD5A30318166A3F00987978 /* AppDelegate.m in Sources */ = {isa = PBXBuildFile; fileRef = 4FD5A30218166A3F00987978 /* AppDelegate.m */; };
		4FD5A30518166A3F00987978 /* Default.png in Resources */ = {isa = PBXBuildFile; fileRef = 4FD5A30418166A3F00987978 /* Default.png */; };
		4FD5A30718166A3F00987978 /* Default@2x.png in Resources */ = {isa = PBXBuildFile; fileRef = 4FD5A30618166A3F00987978 /* Default@2x.png */; };
		4FD5A30918166A3F00987978 /* Default-568h@2x.png in Resources */ = {isa = PBXBuildFile; fileRef = 4FD5A30818166A3F00987978 /* Default-568h@2x.png */; };
/* End PBXBuildFile section */

/* Begin PBXFileReference section */
		4F35155718191CBF0051A8D6 /* blue_button.png */ = {isa = PBXFileReference; lastKnownFileType = image.png; path = blue_button.png; sourceTree = "<group>"; };
		4F35155818191CBF0051A8D6 /* blue_button@2x.png */ = {isa = PBXFileReference; lastKnownFileType = image.png; path = "blue_button@2x.png"; sourceTree = "<group>"; };
		4F35155918191CBF0051A8D6 /* blue_button_pressed.png */ = {isa = PBXFileReference; lastKnownFileType = image.png; path = blue_button_pressed.png; sourceTree = "<group>"; };
		4F35155A18191CBF0051A8D6 /* blue_button_pressed@2x.png */ = {isa = PBXFileReference; lastKnownFileType = image.png; path = "blue_button_pressed@2x.png"; sourceTree = "<group>"; };
		4F35155B18191CBF0051A8D6 /* dark_button.png */ = {isa = PBXFileReference; lastKnownFileType = image.png; path = dark_button.png; sourceTree = "<group>"; };
		4F35155C18191CBF0051A8D6 /* dark_button@2x.png */ = {isa = PBXFileReference; lastKnownFileType = image.png; path = "dark_button@2x.png"; sourceTree = "<group>"; };
		4F35155D18191CBF0051A8D6 /* dark_button_pressed.png */ = {isa = PBXFileReference; lastKnownFileType = image.png; path = dark_button_pressed.png; sourceTree = "<group>"; };
		4F35155E18191CBF0051A8D6 /* dark_button_pressed@2x.png */ = {isa = PBXFileReference; lastKnownFileType = image.png; path = "dark_button_pressed@2x.png"; sourceTree = "<group>"; };
		4F35156918191DD50051A8D6 /* AFOpenGLManager.h */ = {isa = PBXFileReference; fileEncoding = 4; lastKnownFileType = sourcecode.c.h; path = AFOpenGLManager.h; sourceTree = "<group>"; };
		4F35156A18191DD50051A8D6 /* AFPhotoEditorContext.h */ = {isa = PBXFileReference; fileEncoding = 4; lastKnownFileType = sourcecode.c.h; path = AFPhotoEditorContext.h; sourceTree = "<group>"; };
		4F35156B18191DD50051A8D6 /* AFPhotoEditorController+InAppPurchase.h */ = {isa = PBXFileReference; fileEncoding = 4; lastKnownFileType = sourcecode.c.h; path = "AFPhotoEditorController+InAppPurchase.h"; sourceTree = "<group>"; };
		4F35156C18191DD50051A8D6 /* AFPhotoEditorController.h */ = {isa = PBXFileReference; fileEncoding = 4; lastKnownFileType = sourcecode.c.h; path = AFPhotoEditorController.h; sourceTree = "<group>"; };
		4F35156D18191DD50051A8D6 /* AFPhotoEditorControllerOptions.h */ = {isa = PBXFileReference; fileEncoding = 4; lastKnownFileType = sourcecode.c.h; path = AFPhotoEditorControllerOptions.h; sourceTree = "<group>"; };
		4F35156E18191DD50051A8D6 /* AFPhotoEditorCustomization.h */ = {isa = PBXFileReference; fileEncoding = 4; lastKnownFileType = sourcecode.c.h; path = AFPhotoEditorCustomization.h; sourceTree = "<group>"; };
		4F35156F18191DD50051A8D6 /* AFPhotoEditorProduct.h */ = {isa = PBXFileReference; fileEncoding = 4; lastKnownFileType = sourcecode.c.h; path = AFPhotoEditorProduct.h; sourceTree = "<group>"; };
		4F35157018191DD50051A8D6 /* AFPhotoEditorSession.h */ = {isa = PBXFileReference; fileEncoding = 4; lastKnownFileType = sourcecode.c.h; path = AFPhotoEditorSession.h; sourceTree = "<group>"; };
		4F35157118191DD50051A8D6 /* libAviarySDK.a */ = {isa = PBXFileReference; lastKnownFileType = archive.ar; path = libAviarySDK.a; sourceTree = "<group>"; };
		4F35157318191DD50051A8D6 /* AviarySDKResources.bundle */ = {isa = PBXFileReference; lastKnownFileType = "wrapper.plug-in"; path = AviarySDKResources.bundle; sourceTree = "<group>"; };
		4F3515761819200F0051A8D6 /* Accelerate.framework */ = {isa = PBXFileReference; lastKnownFileType = wrapper.framework; name = Accelerate.framework; path = System/Library/Frameworks/Accelerate.framework; sourceTree = SDKROOT; };
		4F3515781819201D0051A8D6 /* AdSupport.framework */ = {isa = PBXFileReference; lastKnownFileType = wrapper.framework; name = AdSupport.framework; path = System/Library/Frameworks/AdSupport.framework; sourceTree = SDKROOT; };
		4F35157C181920480051A8D6 /* CoreText.framework */ = {isa = PBXFileReference; lastKnownFileType = wrapper.framework; name = CoreText.framework; path = System/Library/Frameworks/CoreText.framework; sourceTree = SDKROOT; };
		4F35157E1819207E0051A8D6 /* libsqlite3.0.dylib */ = {isa = PBXFileReference; lastKnownFileType = "compiled.mach-o.dylib"; name = libsqlite3.0.dylib; path = usr/lib/libsqlite3.0.dylib; sourceTree = SDKROOT; };
		4F3515801819208C0051A8D6 /* libz.1.2.5.dylib */ = {isa = PBXFileReference; lastKnownFileType = "compiled.mach-o.dylib"; name = libz.1.2.5.dylib; path = usr/lib/libz.1.2.5.dylib; sourceTree = SDKROOT; };
		4F3515821819209A0051A8D6 /* MessageUI.framework */ = {isa = PBXFileReference; lastKnownFileType = wrapper.framework; name = MessageUI.framework; path = System/Library/Frameworks/MessageUI.framework; sourceTree = SDKROOT; };
		4F351584181920A20051A8D6 /* OpenGLES.framework */ = {isa = PBXFileReference; lastKnownFileType = wrapper.framework; name = OpenGLES.framework; path = System/Library/Frameworks/OpenGLES.framework; sourceTree = SDKROOT; };
		4F351586181920A90051A8D6 /* QuartzCore.framework */ = {isa = PBXFileReference; lastKnownFileType = wrapper.framework; name = QuartzCore.framework; path = System/Library/Frameworks/QuartzCore.framework; sourceTree = SDKROOT; };
		4F351588181920B30051A8D6 /* StoreKit.framework */ = {isa = PBXFileReference; lastKnownFileType = wrapper.framework; name = StoreKit.framework; path = System/Library/Frameworks/StoreKit.framework; sourceTree = SDKROOT; };
		4F35158A181920BA0051A8D6 /* SystemConfiguration.framework */ = {isa = PBXFileReference; lastKnownFileType = wrapper.framework; name = SystemConfiguration.framework; path = System/Library/Frameworks/SystemConfiguration.framework; sourceTree = SDKROOT; };
		4F5293941818B97300B3FD75 /* Images.xcassets */ = {isa = PBXFileReference; lastKnownFileType = folder.assetcatalog; path = Images.xcassets; sourceTree = "<group>"; };
		4F5293961818C11700B3FD75 /* MainViewController.h */ = {isa = PBXFileReference; fileEncoding = 4; lastKnownFileType = sourcecode.c.h; path = MainViewController.h; sourceTree = "<group>"; };
		4F5293971818C11700B3FD75 /* MainViewController.m */ = {isa = PBXFileReference; fileEncoding = 4; lastKnownFileType = sourcecode.c.objc; path = MainViewController.m; sourceTree = "<group>"; };
		4F5293981818C11700B3FD75 /* MainViewController.xib */ = {isa = PBXFileReference; fileEncoding = 4; lastKnownFileType = file.xib; path = MainViewController.xib; sourceTree = "<group>"; };
		4FB17D52181A1C780041FB2B /* border.png */ = {isa = PBXFileReference; lastKnownFileType = image.png; path = border.png; sourceTree = "<group>"; };
		4FB1F413182200AE004DE2F5 /* FOWTableViewController.h */ = {isa = PBXFileReference; fileEncoding = 4; lastKnownFileType = sourcecode.c.h; path = FOWTableViewController.h; sourceTree = "<group>"; };
		4FB1F414182200AE004DE2F5 /* FOWTableViewController.m */ = {isa = PBXFileReference; fileEncoding = 4; lastKnownFileType = sourcecode.c.objc; path = FOWTableViewController.m; sourceTree = "<group>"; };
		4FB1F416182202A3004DE2F5 /* FOWViewCell.h */ = {isa = PBXFileReference; fileEncoding = 4; lastKnownFileType = sourcecode.c.h; path = FOWViewCell.h; sourceTree = "<group>"; };
		4FB1F417182202A3004DE2F5 /* FOWViewCell.m */ = {isa = PBXFileReference; fileEncoding = 4; lastKnownFileType = sourcecode.c.objc; path = FOWViewCell.m; sourceTree = "<group>"; };
		4FB1F42018220710004DE2F5 /* FOWPostPhotoViewController.h */ = {isa = PBXFileReference; fileEncoding = 4; lastKnownFileType = sourcecode.c.h; path = FOWPostPhotoViewController.h; sourceTree = "<group>"; };
		4FB1F42118220710004DE2F5 /* FOWPostPhotoViewController.m */ = {isa = PBXFileReference; fileEncoding = 4; lastKnownFileType = sourcecode.c.objc; path = FOWPostPhotoViewController.m; sourceTree = "<group>"; };
		4FB1F427182211C6004DE2F5 /* FOWNavigationController.h */ = {isa = PBXFileReference; fileEncoding = 4; lastKnownFileType = sourcecode.c.h; path = FOWNavigationController.h; sourceTree = "<group>"; };
		4FB1F428182211C6004DE2F5 /* FOWNavigationController.m */ = {isa = PBXFileReference; fileEncoding = 4; lastKnownFileType = sourcecode.c.objc; path = FOWNavigationController.m; sourceTree = "<group>"; };
		4FB4AB5C18235D73000BBD62 /* CoreData.framework */ = {isa = PBXFileReference; lastKnownFileType = wrapper.framework; name = CoreData.framework; path = System/Library/Frameworks/CoreData.framework; sourceTree = SDKROOT; };
		4FB5C73A182750F200346F21 /* FOWUtil+View.h */ = {isa = PBXFileReference; fileEncoding = 4; lastKnownFileType = sourcecode.c.h; path = "FOWUtil+View.h"; sourceTree = "<group>"; };
		4FB5C73B182750F200346F21 /* FOWUtil+View.m */ = {isa = PBXFileReference; fileEncoding = 4; lastKnownFileType = sourcecode.c.objc; path = "FOWUtil+View.m"; sourceTree = "<group>"; };
		4FB5C73C182750F200346F21 /* FOWUtils.h */ = {isa = PBXFileReference; fileEncoding = 4; lastKnownFileType = sourcecode.c.h; path = FOWUtils.h; sourceTree = "<group>"; };
		4FB5C73D182750F200346F21 /* FOWUtils.m */ = {isa = PBXFileReference; fileEncoding = 4; lastKnownFileType = sourcecode.c.objc; path = FOWUtils.m; sourceTree = "<group>"; };
		4FB5C7401827521900346F21 /* Constants.h */ = {isa = PBXFileReference; fileEncoding = 4; lastKnownFileType = sourcecode.c.h; path = Constants.h; sourceTree = "<group>"; };
		4FB5C74418278B5000346F21 /* FOWManagerImageProcess.h */ = {isa = PBXFileReference; fileEncoding = 4; lastKnownFileType = sourcecode.c.h; path = FOWManagerImageProcess.h; sourceTree = "<group>"; };
		4FB5C74518278B5000346F21 /* FOWManagerImageProcess.m */ = {isa = PBXFileReference; fileEncoding = 4; lastKnownFileType = sourcecode.c.objc; path = FOWManagerImageProcess.m; sourceTree = "<group>"; };
		4FB5C7471827A0D400346F21 /* icon_profile.png */ = {isa = PBXFileReference; lastKnownFileType = image.png; path = icon_profile.png; sourceTree = "<group>"; };
		4FB5C7491827A10700346F21 /* FOWPostScreenMainViewCell.h */ = {isa = PBXFileReference; fileEncoding = 4; lastKnownFileType = sourcecode.c.h; path = FOWPostScreenMainViewCell.h; sourceTree = "<group>"; };
		4FB5C74A1827A10700346F21 /* FOWPostScreenMainViewCell.m */ = {isa = PBXFileReference; fileEncoding = 4; lastKnownFileType = sourcecode.c.objc; path = FOWPostScreenMainViewCell.m; sourceTree = "<group>"; };
		4FB5C74C1827A13B00346F21 /* FOWPostScreenMainViewCell.xib */ = {isa = PBXFileReference; fileEncoding = 4; lastKnownFileType = file.xib; path = FOWPostScreenMainViewCell.xib; sourceTree = "<group>"; };
		4FB5C74E1827A1CA00346F21 /* FOWPostScreenTitleViewCell.h */ = {isa = PBXFileReference; fileEncoding = 4; lastKnownFileType = sourcecode.c.h; path = FOWPostScreenTitleViewCell.h; sourceTree = "<group>"; };
		4FB5C74F1827A1CA00346F21 /* FOWPostScreenTitleViewCell.m */ = {isa = PBXFileReference; fileEncoding = 4; lastKnownFileType = sourcecode.c.objc; path = FOWPostScreenTitleViewCell.m; sourceTree = "<group>"; };
		4FB5C7511827A1E600346F21 /* FOWPostScreenTitleViewCell.xib */ = {isa = PBXFileReference; fileEncoding = 4; lastKnownFileType = file.xib; path = FOWPostScreenTitleViewCell.xib; sourceTree = "<group>"; };
		4FB5C7531827A59900346F21 /* FOWCustomTextView.h */ = {isa = PBXFileReference; fileEncoding = 4; lastKnownFileType = sourcecode.c.h; path = FOWCustomTextView.h; sourceTree = "<group>"; };
		4FB5C7541827A59900346F21 /* FOWCustomTextView.m */ = {isa = PBXFileReference; fileEncoding = 4; lastKnownFileType = sourcecode.c.objc; path = FOWCustomTextView.m; sourceTree = "<group>"; };
		4FCA61551819325700598CD7 /* AssetsLibrary.framework */ = {isa = PBXFileReference; lastKnownFileType = wrapper.framework; name = AssetsLibrary.framework; path = System/Library/Frameworks/AssetsLibrary.framework; sourceTree = SDKROOT; };
		4FD5A2EF18166A3E00987978 /* FOW.app */ = {isa = PBXFileReference; explicitFileType = wrapper.application; includeInIndex = 0; path = FOW.app; sourceTree = BUILT_PRODUCTS_DIR; };
		4FD5A2F218166A3E00987978 /* UIKit.framework */ = {isa = PBXFileReference; lastKnownFileType = wrapper.framework; name = UIKit.framework; path = System/Library/Frameworks/UIKit.framework; sourceTree = SDKROOT; };
		4FD5A2F418166A3E00987978 /* Foundation.framework */ = {isa = PBXFileReference; lastKnownFileType = wrapper.framework; name = Foundation.framework; path = System/Library/Frameworks/Foundation.framework; sourceTree = SDKROOT; };
		4FD5A2F618166A3E00987978 /* CoreGraphics.framework */ = {isa = PBXFileReference; lastKnownFileType = wrapper.framework; name = CoreGraphics.framework; path = System/Library/Frameworks/CoreGraphics.framework; sourceTree = SDKROOT; };
		4FD5A2FA18166A3F00987978 /* FOW-Info.plist */ = {isa = PBXFileReference; lastKnownFileType = text.plist.xml; path = "FOW-Info.plist"; sourceTree = "<group>"; };
		4FD5A2FC18166A3F00987978 /* en */ = {isa = PBXFileReference; lastKnownFileType = text.plist.strings; name = en; path = en.lproj/InfoPlist.strings; sourceTree = "<group>"; };
		4FD5A2FE18166A3F00987978 /* main.m */ = {isa = PBXFileReference; lastKnownFileType = sourcecode.c.objc; path = main.m; sourceTree = "<group>"; };
		4FD5A30018166A3F00987978 /* FOW-Prefix.pch */ = {isa = PBXFileReference; lastKnownFileType = sourcecode.c.h; path = "FOW-Prefix.pch"; sourceTree = "<group>"; };
		4FD5A30118166A3F00987978 /* AppDelegate.h */ = {isa = PBXFileReference; lastKnownFileType = sourcecode.c.h; path = AppDelegate.h; sourceTree = "<group>"; };
		4FD5A30218166A3F00987978 /* AppDelegate.m */ = {isa = PBXFileReference; lastKnownFileType = sourcecode.c.objc; path = AppDelegate.m; sourceTree = "<group>"; };
		4FD5A30418166A3F00987978 /* Default.png */ = {isa = PBXFileReference; lastKnownFileType = image.png; path = Default.png; sourceTree = "<group>"; };
		4FD5A30618166A3F00987978 /* Default@2x.png */ = {isa = PBXFileReference; lastKnownFileType = image.png; path = "Default@2x.png"; sourceTree = "<group>"; };
		4FD5A30818166A3F00987978 /* Default-568h@2x.png */ = {isa = PBXFileReference; lastKnownFileType = image.png; path = "Default-568h@2x.png"; sourceTree = "<group>"; };
/* End PBXFileReference section */

/* Begin PBXFrameworksBuildPhase section */
		4FD5A2EC18166A3E00987978 /* Frameworks */ = {
			isa = PBXFrameworksBuildPhase;
			buildActionMask = 2147483647;
			files = (
				4FB4AB5D18235D73000BBD62 /* CoreData.framework in Frameworks */,
				4F3515771819200F0051A8D6 /* Accelerate.framework in Frameworks */,
				4FCA61561819325700598CD7 /* AssetsLibrary.framework in Frameworks */,
				4F35158B181920BA0051A8D6 /* SystemConfiguration.framework in Frameworks */,
				4F351589181920B30051A8D6 /* StoreKit.framework in Frameworks */,
				4F351587181920A90051A8D6 /* QuartzCore.framework in Frameworks */,
				4F351585181920A20051A8D6 /* OpenGLES.framework in Frameworks */,
				4F3515831819209A0051A8D6 /* MessageUI.framework in Frameworks */,
				4F3515811819208C0051A8D6 /* libz.1.2.5.dylib in Frameworks */,
				4F35157F1819207E0051A8D6 /* libsqlite3.0.dylib in Frameworks */,
				4F35157D181920480051A8D6 /* CoreText.framework in Frameworks */,
				4FD5A2F318166A3E00987978 /* UIKit.framework in Frameworks */,
				4FD5A2F518166A3E00987978 /* Foundation.framework in Frameworks */,
				4F35157418191DD50051A8D6 /* libAviarySDK.a in Frameworks */,
				4FD5A2F718166A3E00987978 /* CoreGraphics.framework in Frameworks */,
			);
			runOnlyForDeploymentPostprocessing = 0;
		};
/* End PBXFrameworksBuildPhase section */

/* Begin PBXGroup section */
		4F35155618191CBF0051A8D6 /* Button Backgrounds */ = {
			isa = PBXGroup;
			children = (
				4F35155718191CBF0051A8D6 /* blue_button.png */,
				4F35155818191CBF0051A8D6 /* blue_button@2x.png */,
				4F35155918191CBF0051A8D6 /* blue_button_pressed.png */,
				4F35155A18191CBF0051A8D6 /* blue_button_pressed@2x.png */,
				4F35155B18191CBF0051A8D6 /* dark_button.png */,
				4F35155C18191CBF0051A8D6 /* dark_button@2x.png */,
				4F35155D18191CBF0051A8D6 /* dark_button_pressed.png */,
				4F35155E18191CBF0051A8D6 /* dark_button_pressed@2x.png */,
			);
			path = "Button Backgrounds";
			sourceTree = "<group>";
		};
		4F35156718191DD50051A8D6 /* AviarySDK */ = {
			isa = PBXGroup;
			children = (
				4F35156818191DD50051A8D6 /* Headers */,
				4F35157118191DD50051A8D6 /* libAviarySDK.a */,
				4F35157218191DD50051A8D6 /* Resources */,
			);
			path = AviarySDK;
			sourceTree = "<group>";
		};
		4F35156818191DD50051A8D6 /* Headers */ = {
			isa = PBXGroup;
			children = (
				4F35156918191DD50051A8D6 /* AFOpenGLManager.h */,
				4F35156A18191DD50051A8D6 /* AFPhotoEditorContext.h */,
				4F35156B18191DD50051A8D6 /* AFPhotoEditorController+InAppPurchase.h */,
				4F35156C18191DD50051A8D6 /* AFPhotoEditorController.h */,
				4F35156D18191DD50051A8D6 /* AFPhotoEditorControllerOptions.h */,
				4F35156E18191DD50051A8D6 /* AFPhotoEditorCustomization.h */,
				4F35156F18191DD50051A8D6 /* AFPhotoEditorProduct.h */,
				4F35157018191DD50051A8D6 /* AFPhotoEditorSession.h */,
			);
			path = Headers;
			sourceTree = "<group>";
		};
		4F35157218191DD50051A8D6 /* Resources */ = {
			isa = PBXGroup;
			children = (
				4F35157318191DD50051A8D6 /* AviarySDKResources.bundle */,
			);
			path = Resources;
			sourceTree = "<group>";
		};
		4FAFEE3B1820F78700D58251 /* Components */ = {
			isa = PBXGroup;
			children = (
				4FB1F413182200AE004DE2F5 /* FOWTableViewController.h */,
				4FB1F414182200AE004DE2F5 /* FOWTableViewController.m */,
				4FB1F416182202A3004DE2F5 /* FOWViewCell.h */,
				4FB1F417182202A3004DE2F5 /* FOWViewCell.m */,
				4FB1F427182211C6004DE2F5 /* FOWNavigationController.h */,
				4FB1F428182211C6004DE2F5 /* FOWNavigationController.m */,
				4FB5C7531827A59900346F21 /* FOWCustomTextView.h */,
				4FB5C7541827A59900346F21 /* FOWCustomTextView.m */,
			);
			name = Components;
			sourceTree = "<group>";
		};
		4FB1F41F18220710004DE2F5 /* PostScreen */ = {
			isa = PBXGroup;
			children = (
				4FB1F42018220710004DE2F5 /* FOWPostPhotoViewController.h */,
				4FB1F42118220710004DE2F5 /* FOWPostPhotoViewController.m */,
				4FB5C7491827A10700346F21 /* FOWPostScreenMainViewCell.h */,
				4FB5C74A1827A10700346F21 /* FOWPostScreenMainViewCell.m */,
				4FB5C74C1827A13B00346F21 /* FOWPostScreenMainViewCell.xib */,
				4FB5C74E1827A1CA00346F21 /* FOWPostScreenTitleViewCell.h */,
				4FB5C74F1827A1CA00346F21 /* FOWPostScreenTitleViewCell.m */,
				4FB5C7511827A1E600346F21 /* FOWPostScreenTitleViewCell.xib */,
			);
			path = PostScreen;
			sourceTree = "<group>";
		};
		4FB1F4251822107E004DE2F5 /* ViewController */ = {
			isa = PBXGroup;
			children = (
				4FB1F42618221092004DE2F5 /* MainController */,
				4FB1F41F18220710004DE2F5 /* PostScreen */,
			);
			name = ViewController;
			sourceTree = "<group>";
		};
		4FB1F42618221092004DE2F5 /* MainController */ = {
			isa = PBXGroup;
			children = (
				4F5293961818C11700B3FD75 /* MainViewController.h */,
				4F5293971818C11700B3FD75 /* MainViewController.m */,
				4F5293981818C11700B3FD75 /* MainViewController.xib */,
			);
			name = MainController;
			sourceTree = "<group>";
		};
		4FB5C739182750DA00346F21 /* Utilities */ = {
			isa = PBXGroup;
			children = (
				4FB5C73A182750F200346F21 /* FOWUtil+View.h */,
				4FB5C73B182750F200346F21 /* FOWUtil+View.m */,
				4FB5C73C182750F200346F21 /* FOWUtils.h */,
				4FB5C73D182750F200346F21 /* FOWUtils.m */,
			);
			name = Utilities;
			sourceTree = "<group>";
		};
		4FB5C74318278B1300346F21 /* Managers */ = {
			isa = PBXGroup;
			children = (
				4FB5C74418278B5000346F21 /* FOWManagerImageProcess.h */,
				4FB5C74518278B5000346F21 /* FOWManagerImageProcess.m */,
			);
			name = Managers;
			sourceTree = "<group>";
		};
		4FD5A2E618166A3E00987978 = {
			isa = PBXGroup;
			children = (
				4F35156718191DD50051A8D6 /* AviarySDK */,
				4FD5A2F818166A3E00987978 /* FOW */,
				4FD5A2F118166A3E00987978 /* Frameworks */,
				4FD5A2F018166A3E00987978 /* Products */,
			);
			sourceTree = "<group>";
		};
		4FD5A2F018166A3E00987978 /* Products */ = {
			isa = PBXGroup;
			children = (
				4FD5A2EF18166A3E00987978 /* FOW.app */,
			);
			name = Products;
			sourceTree = "<group>";
		};
		4FD5A2F118166A3E00987978 /* Frameworks */ = {
			isa = PBXGroup;
			children = (
				4FB4AB5C18235D73000BBD62 /* CoreData.framework */,
				4F3515761819200F0051A8D6 /* Accelerate.framework */,
				4F3515781819201D0051A8D6 /* AdSupport.framework */,
				4FCA61551819325700598CD7 /* AssetsLibrary.framework */,
				4FD5A2F618166A3E00987978 /* CoreGraphics.framework */,
				4F35157C181920480051A8D6 /* CoreText.framework */,
				4FD5A2F418166A3E00987978 /* Foundation.framework */,
				4F35157E1819207E0051A8D6 /* libsqlite3.0.dylib */,
				4F3515801819208C0051A8D6 /* libz.1.2.5.dylib */,
				4F3515821819209A0051A8D6 /* MessageUI.framework */,
				4F351584181920A20051A8D6 /* OpenGLES.framework */,
				4F351586181920A90051A8D6 /* QuartzCore.framework */,
				4F351588181920B30051A8D6 /* StoreKit.framework */,
				4F35158A181920BA0051A8D6 /* SystemConfiguration.framework */,
				4FD5A2F218166A3E00987978 /* UIKit.framework */,
			);
			name = Frameworks;
			sourceTree = "<group>";
		};
		4FD5A2F818166A3E00987978 /* FOW */ = {
			isa = PBXGroup;
			children = (
				4FB5C74318278B1300346F21 /* Managers */,
				4FB5C739182750DA00346F21 /* Utilities */,
				4FAFEE3B1820F78700D58251 /* Components */,
				4FB1F4251822107E004DE2F5 /* ViewController */,
				4FD5A30118166A3F00987978 /* AppDelegate.h */,
				4FD5A30218166A3F00987978 /* AppDelegate.m */,
				4FD5A2F918166A3F00987978 /* Supporting Files */,
			);
			path = FOW;
			sourceTree = "<group>";
		};
		4FD5A2F918166A3F00987978 /* Supporting Files */ = {
			isa = PBXGroup;
			children = (
				4FB5C7471827A0D400346F21 /* icon_profile.png */,
				4FB17D52181A1C780041FB2B /* border.png */,
				4F35155618191CBF0051A8D6 /* Button Backgrounds */,
				4F5293941818B97300B3FD75 /* Images.xcassets */,
				4FD5A2FA18166A3F00987978 /* FOW-Info.plist */,
				4FD5A2FB18166A3F00987978 /* InfoPlist.strings */,
				4FD5A2FE18166A3F00987978 /* main.m */,
				4FD5A30018166A3F00987978 /* FOW-Prefix.pch */,
				4FD5A30418166A3F00987978 /* Default.png */,
				4FD5A30618166A3F00987978 /* Default@2x.png */,
				4FD5A30818166A3F00987978 /* Default-568h@2x.png */,
				4FB5C7401827521900346F21 /* Constants.h */,
			);
			name = "Supporting Files";
			sourceTree = "<group>";
		};
/* End PBXGroup section */

/* Begin PBXNativeTarget section */
		4FD5A2EE18166A3E00987978 /* FOW */ = {
			isa = PBXNativeTarget;
			buildConfigurationList = 4FD5A30C18166A3F00987978 /* Build configuration list for PBXNativeTarget "FOW" */;
			buildPhases = (
				4FD5A2EB18166A3E00987978 /* Sources */,
				4FD5A2EC18166A3E00987978 /* Frameworks */,
				4FD5A2ED18166A3E00987978 /* Resources */,
			);
			buildRules = (
			);
			dependencies = (
			);
			name = FOW;
			productName = FOW;
			productReference = 4FD5A2EF18166A3E00987978 /* FOW.app */;
			productType = "com.apple.product-type.application";
		};
/* End PBXNativeTarget section */

/* Begin PBXProject section */
		4FD5A2E718166A3E00987978 /* Project object */ = {
			isa = PBXProject;
			attributes = {
				LastUpgradeCheck = 0460;
				ORGANIZATIONNAME = Mulodo;
			};
			buildConfigurationList = 4FD5A2EA18166A3E00987978 /* Build configuration list for PBXProject "FOW" */;
			compatibilityVersion = "Xcode 3.2";
			developmentRegion = English;
			hasScannedForEncodings = 0;
			knownRegions = (
				en,
			);
			mainGroup = 4FD5A2E618166A3E00987978;
			productRefGroup = 4FD5A2F018166A3E00987978 /* Products */;
			projectDirPath = "";
			projectRoot = "";
			targets = (
				4FD5A2EE18166A3E00987978 /* FOW */,
			);
		};
/* End PBXProject section */

/* Begin PBXResourcesBuildPhase section */
		4FD5A2ED18166A3E00987978 /* Resources */ = {
			isa = PBXResourcesBuildPhase;
			buildActionMask = 2147483647;
			files = (
				4FD5A2FD18166A3F00987978 /* InfoPlist.strings in Resources */,
				4FB5C7481827A0D400346F21 /* icon_profile.png in Resources */,
				4F35156518191CBF0051A8D6 /* dark_button_pressed.png in Resources */,
				4F35156018191CBF0051A8D6 /* blue_button@2x.png in Resources */,
				4FB5C74D1827A13B00346F21 /* FOWPostScreenMainViewCell.xib in Resources */,
				4F35156318191CBF0051A8D6 /* dark_button.png in Resources */,
				4F52939A1818C11700B3FD75 /* MainViewController.xib in Resources */,
				4F35156618191CBF0051A8D6 /* dark_button_pressed@2x.png in Resources */,
				4FB17D53181A1C780041FB2B /* border.png in Resources */,
				4F5293951818B97300B3FD75 /* Images.xcassets in Resources */,
				4FD5A30518166A3F00987978 /* Default.png in Resources */,
				4F35155F18191CBF0051A8D6 /* blue_button.png in Resources */,
				4F35157518191DD50051A8D6 /* AviarySDKResources.bundle in Resources */,
				4FD5A30718166A3F00987978 /* Default@2x.png in Resources */,
				4F35156418191CBF0051A8D6 /* dark_button@2x.png in Resources */,
				4F35156218191CBF0051A8D6 /* blue_button_pressed@2x.png in Resources */,
				4F35156118191CBF0051A8D6 /* blue_button_pressed.png in Resources */,
				4FB5C7521827A1E600346F21 /* FOWPostScreenTitleViewCell.xib in Resources */,
				4FD5A30918166A3F00987978 /* Default-568h@2x.png in Resources */,
			);
			runOnlyForDeploymentPostprocessing = 0;
		};
/* End PBXResourcesBuildPhase section */

/* Begin PBXSourcesBuildPhase section */
		4FD5A2EB18166A3E00987978 /* Sources */ = {
			isa = PBXSourcesBuildPhase;
			buildActionMask = 2147483647;
			files = (
				4FD5A2FF18166A3F00987978 /* main.m in Sources */,
				4FB1F42318220710004DE2F5 /* FOWPostPhotoViewController.m in Sources */,
				4FB1F415182200AE004DE2F5 /* FOWTableViewController.m in Sources */,
				4FB5C73F182750F200346F21 /* FOWUtils.m in Sources */,
				4FB5C74B1827A10700346F21 /* FOWPostScreenMainViewCell.m in Sources */,
				4FB1F429182211C6004DE2F5 /* FOWNavigationController.m in Sources */,
				4FB5C7551827A59900346F21 /* FOWCustomTextView.m in Sources */,
				4FB5C7501827A1CA00346F21 /* FOWPostScreenTitleViewCell.m in Sources */,
				4FB5C73E182750F200346F21 /* FOWUtil+View.m in Sources */,
				4FB5C74618278B5000346F21 /* FOWManagerImageProcess.m in Sources */,
				4FB1F418182202A3004DE2F5 /* FOWViewCell.m in Sources */,
				4F5293991818C11700B3FD75 /* MainViewController.m in Sources */,
				4FD5A30318166A3F00987978 /* AppDelegate.m in Sources */,
			);
			runOnlyForDeploymentPostprocessing = 0;
		};
/* End PBXSourcesBuildPhase section */

/* Begin PBXVariantGroup section */
		4FD5A2FB18166A3F00987978 /* InfoPlist.strings */ = {
			isa = PBXVariantGroup;
			children = (
				4FD5A2FC18166A3F00987978 /* en */,
			);
			name = InfoPlist.strings;
			sourceTree = "<group>";
		};
/* End PBXVariantGroup section */

/* Begin XCBuildConfiguration section */
		4FD5A30A18166A3F00987978 /* Debug */ = {
			isa = XCBuildConfiguration;
			buildSettings = {
				ALWAYS_SEARCH_USER_PATHS = NO;
				CLANG_CXX_LANGUAGE_STANDARD = "gnu++0x";
				CLANG_CXX_LIBRARY = "libc++";
				CLANG_ENABLE_OBJC_ARC = YES;
				CLANG_WARN_CONSTANT_CONVERSION = YES;
				CLANG_WARN_EMPTY_BODY = YES;
				CLANG_WARN_ENUM_CONVERSION = YES;
				CLANG_WARN_INT_CONVERSION = YES;
				CLANG_WARN__DUPLICATE_METHOD_MATCH = YES;
				"CODE_SIGN_IDENTITY[sdk=iphoneos*]" = "iPhone Developer";
				COPY_PHASE_STRIP = NO;
				GCC_C_LANGUAGE_STANDARD = gnu99;
				GCC_DYNAMIC_NO_PIC = NO;
				GCC_OPTIMIZATION_LEVEL = 0;
				GCC_PREPROCESSOR_DEFINITIONS = (
					"DEBUG=1",
					"$(inherited)",
				);
				GCC_SYMBOLS_PRIVATE_EXTERN = NO;
				GCC_WARN_ABOUT_RETURN_TYPE = YES;
				GCC_WARN_UNINITIALIZED_AUTOS = YES;
				GCC_WARN_UNUSED_VARIABLE = YES;
				IPHONEOS_DEPLOYMENT_TARGET = 6.1;
				ONLY_ACTIVE_ARCH = YES;
				SDKROOT = iphoneos;
			};
			name = Debug;
		};
		4FD5A30B18166A3F00987978 /* Release */ = {
			isa = XCBuildConfiguration;
			buildSettings = {
				ALWAYS_SEARCH_USER_PATHS = NO;
				CLANG_CXX_LANGUAGE_STANDARD = "gnu++0x";
				CLANG_CXX_LIBRARY = "libc++";
				CLANG_ENABLE_OBJC_ARC = YES;
				CLANG_WARN_CONSTANT_CONVERSION = YES;
				CLANG_WARN_EMPTY_BODY = YES;
				CLANG_WARN_ENUM_CONVERSION = YES;
				CLANG_WARN_INT_CONVERSION = YES;
				CLANG_WARN__DUPLICATE_METHOD_MATCH = YES;
				"CODE_SIGN_IDENTITY[sdk=iphoneos*]" = "iPhone Developer";
				COPY_PHASE_STRIP = YES;
				GCC_C_LANGUAGE_STANDARD = gnu99;
				GCC_WARN_ABOUT_RETURN_TYPE = YES;
				GCC_WARN_UNINITIALIZED_AUTOS = YES;
				GCC_WARN_UNUSED_VARIABLE = YES;
				IPHONEOS_DEPLOYMENT_TARGET = 6.1;
				OTHER_CFLAGS = "-DNS_BLOCK_ASSERTIONS=1";
				SDKROOT = iphoneos;
				VALIDATE_PRODUCT = YES;
			};
			name = Release;
		};
		4FD5A30D18166A3F00987978 /* Debug */ = {
			isa = XCBuildConfiguration;
			buildSettings = {
				ASSETCATALOG_COMPILER_APPICON_NAME = AppIcon;
				ASSETCATALOG_COMPILER_LAUNCHIMAGE_NAME = LaunchImage;
				GCC_PRECOMPILE_PREFIX_HEADER = YES;
				GCC_PREFIX_HEADER = "FOW/FOW-Prefix.pch";
				INFOPLIST_FILE = "FOW/FOW-Info.plist";
				IPHONEOS_DEPLOYMENT_TARGET = 5.0;
				LIBRARY_SEARCH_PATHS = (
					"$(inherited)",
					/Users/mulodo1/Downloads/FOW/Git/Hello/FOW/AviarySDK,
				);
				OTHER_LDFLAGS = (
					"-ObjC",
					"-all_load",
				);
				PRODUCT_NAME = "$(TARGET_NAME)";
				WRAPPER_EXTENSION = app;
			};
			name = Debug;
		};
		4FD5A30E18166A3F00987978 /* Release */ = {
			isa = XCBuildConfiguration;
			buildSettings = {
				ASSETCATALOG_COMPILER_APPICON_NAME = AppIcon;
				ASSETCATALOG_COMPILER_LAUNCHIMAGE_NAME = LaunchImage;
				GCC_PRECOMPILE_PREFIX_HEADER = YES;
				GCC_PREFIX_HEADER = "FOW/FOW-Prefix.pch";
				INFOPLIST_FILE = "FOW/FOW-Info.plist";
				IPHONEOS_DEPLOYMENT_TARGET = 5.0;
				LIBRARY_SEARCH_PATHS = (
					"$(inherited)",
					/Users/mulodo1/Downloads/FOW/Git/Hello/FOW/AviarySDK,
				);
				OTHER_LDFLAGS = (
					"-ObjC",
					"-all_load",
				);
				PRODUCT_NAME = "$(TARGET_NAME)";
				WRAPPER_EXTENSION = app;
			};
			name = Release;
		};
/* End XCBuildConfiguration section */

/* Begin XCConfigurationList section */
		4FD5A2EA18166A3E00987978 /* Build configuration list for PBXProject "FOW" */ = {
			isa = XCConfigurationList;
			buildConfigurations = (
				4FD5A30A18166A3F00987978 /* Debug */,
				4FD5A30B18166A3F00987978 /* Release */,
			);
			defaultConfigurationIsVisible = 0;
			defaultConfigurationName = Release;
		};
		4FD5A30C18166A3F00987978 /* Build configuration list for PBXNativeTarget "FOW" */ = {
			isa = XCConfigurationList;
			buildConfigurations = (
				4FD5A30D18166A3F00987978 /* Debug */,
				4FD5A30E18166A3F00987978 /* Release */,
			);
			defaultConfigurationIsVisible = 0;
			defaultConfigurationName = Release;
		};
/* End XCConfigurationList section */
	};
	rootObject = 4FD5A2E718166A3E00987978 /* Project object */;
}
